
Microsoft Visual Studio Solution File, Format Version 12.00
# Visual Studio Version 17
VisualStudioVersion = 17.11.35303.130
MinimumVisualStudioVersion = 10.0.40219.1
Project("{FAE04EC0-301F-11D3-BF4B-00C04F79EFBC}") = "Practik 5", "Practik 5.csproj", "{A328DBF6-3EF9-4077-98F8-76A1DBAFA830}"
EndProject
Global
	GlobalSection(SolutionConfigurationPlatforms) = preSolution
		Debug|Any CPU = Debug|Any CPU
		Release|Any CPU = Release|Any CPU
	EndGlobalSection
	GlobalSection(ProjectConfigurationPlatforms) = postSolution
		{A328DBF6-3EF9-4077-98F8-76A1DBAFA830}.Debug|Any CPU.ActiveCfg = Debug|Any CPU
		{A328DBF6-3EF9-4077-98F8-76A1DBAFA830}.Debug|Any CPU.Build.0 = Debug|Any CPU
		{A328DBF6-3EF9-4077-98F8-76A1DBAFA830}.Release|Any CPU.ActiveCfg = Release|Any CPU
		{A328DBF6-3EF9-4077-98F8-76A1DBAFA830}.Release|Any CPU.Build.0 = Release|Any CPU
	EndGlobalSection
	GlobalSection(SolutionProperties) = preSolution
		HideSolutionNode = FALSE
	EndGlobalSection
	GlobalSection(ExtensibilityGlobals) = postSolution
		SolutionGuid = {A79F53D9-898D-47E5-8343-EACDB47B8AD1}
	EndGlobalSection
EndGlobal
